// !$*UTF8*$!
{
	archiveVersion = 1;
	classes = {
	};
	objectVersion = 50;
	objects = {

/* Begin PBXBuildFile section */
		45BDD525A73B4823AF6814AB /* Pods_DataLayer.framework in Frameworks */ = {isa = PBXBuildFile; fileRef = 3E6901FB15272B0953C19C66 /* Pods_DataLayer.framework */; };
		5F3ACD6EA1C19883B7F9D9DB /* Pods_DataLayerTests.framework in Frameworks */ = {isa = PBXBuildFile; fileRef = 5E9B8266F0C6C64C7B98DBC6 /* Pods_DataLayerTests.framework */; };
		E52A0A072554470300DAB976 /* DataLayer.framework in Frameworks */ = {isa = PBXBuildFile; fileRef = E52A09FD2554470300DAB976 /* DataLayer.framework */; };
		E52A0A0C2554470300DAB976 /* DataLayerTests.swift in Sources */ = {isa = PBXBuildFile; fileRef = E52A0A0B2554470300DAB976 /* DataLayerTests.swift */; };
		E52A0A0E2554470300DAB976 /* DataLayer.h in Headers */ = {isa = PBXBuildFile; fileRef = E52A0A002554470300DAB976 /* DataLayer.h */; settings = {ATTRIBUTES = (Public, ); }; };
		E52A0A1C2554470E00DAB976 /* DomainLayer.framework in Frameworks */ = {isa = PBXBuildFile; fileRef = E52A0A1A2554470E00DAB976 /* DomainLayer.framework */; };
		E52A0A1D2554470E00DAB976 /* DomainLayer.framework in Embed Frameworks */ = {isa = PBXBuildFile; fileRef = E52A0A1A2554470E00DAB976 /* DomainLayer.framework */; settings = {ATTRIBUTES = (CodeSignOnCopy, RemoveHeadersOnCopy, ); }; };
		E52A0A1E2554470E00DAB976 /* NetworkLayer.framework in Frameworks */ = {isa = PBXBuildFile; fileRef = E52A0A1B2554470E00DAB976 /* NetworkLayer.framework */; };
		E52A0A1F2554470E00DAB976 /* NetworkLayer.framework in Embed Frameworks */ = {isa = PBXBuildFile; fileRef = E52A0A1B2554470E00DAB976 /* NetworkLayer.framework */; settings = {ATTRIBUTES = (CodeSignOnCopy, RemoveHeadersOnCopy, ); }; };
		E52A0A332554475A00DAB976 /* DataModule.swift in Sources */ = {isa = PBXBuildFile; fileRef = E52A0A322554475A00DAB976 /* DataModule.swift */; };
/* End PBXBuildFile section */

/* Begin PBXContainerItemProxy section */
		E52A0A082554470300DAB976 /* PBXContainerItemProxy */ = {
			isa = PBXContainerItemProxy;
			containerPortal = E52A09F42554470300DAB976 /* Project object */;
			proxyType = 1;
			remoteGlobalIDString = E52A09FC2554470300DAB976;
			remoteInfo = DataLayer;
		};
/* End PBXContainerItemProxy section */

/* Begin PBXCopyFilesBuildPhase section */
		E52A0A202554470E00DAB976 /* Embed Frameworks */ = {
			isa = PBXCopyFilesBuildPhase;
			buildActionMask = 2147483647;
			dstPath = "";
			dstSubfolderSpec = 10;
			files = (
				E52A0A1D2554470E00DAB976 /* DomainLayer.framework in Embed Frameworks */,
				E52A0A1F2554470E00DAB976 /* NetworkLayer.framework in Embed Frameworks */,
			);
			name = "Embed Frameworks";
			runOnlyForDeploymentPostprocessing = 0;
		};
/* End PBXCopyFilesBuildPhase section */

/* Begin PBXFileReference section */
		1E6679543CE2B6811051D69C /* Pods-DataLayerTests.debug.xcconfig */ = {isa = PBXFileReference; includeInIndex = 1; lastKnownFileType = text.xcconfig; name = "Pods-DataLayerTests.debug.xcconfig"; path = "Target Support Files/Pods-DataLayerTests/Pods-DataLayerTests.debug.xcconfig"; sourceTree = "<group>"; };
		3B4EB38BC6FB4F8901246D4F /* Pods-DataLayer.release.xcconfig */ = {isa = PBXFileReference; includeInIndex = 1; lastKnownFileType = text.xcconfig; name = "Pods-DataLayer.release.xcconfig"; path = "Target Support Files/Pods-DataLayer/Pods-DataLayer.release.xcconfig"; sourceTree = "<group>"; };
		3E6901FB15272B0953C19C66 /* Pods_DataLayer.framework */ = {isa = PBXFileReference; explicitFileType = wrapper.framework; includeInIndex = 0; path = Pods_DataLayer.framework; sourceTree = BUILT_PRODUCTS_DIR; };
		5E9B8266F0C6C64C7B98DBC6 /* Pods_DataLayerTests.framework */ = {isa = PBXFileReference; explicitFileType = wrapper.framework; includeInIndex = 0; path = Pods_DataLayerTests.framework; sourceTree = BUILT_PRODUCTS_DIR; };
		BA111B1C6B093347B7F60FE4 /* Pods-DataLayer.debug.xcconfig */ = {isa = PBXFileReference; includeInIndex = 1; lastKnownFileType = text.xcconfig; name = "Pods-DataLayer.debug.xcconfig"; path = "Target Support Files/Pods-DataLayer/Pods-DataLayer.debug.xcconfig"; sourceTree = "<group>"; };
		BEAD3CF0D2714EEF47DECACC /* Pods-DataLayerTests.release.xcconfig */ = {isa = PBXFileReference; includeInIndex = 1; lastKnownFileType = text.xcconfig; name = "Pods-DataLayerTests.release.xcconfig"; path = "Target Support Files/Pods-DataLayerTests/Pods-DataLayerTests.release.xcconfig"; sourceTree = "<group>"; };
		E52A09FD2554470300DAB976 /* DataLayer.framework */ = {isa = PBXFileReference; explicitFileType = wrapper.framework; includeInIndex = 0; path = DataLayer.framework; sourceTree = BUILT_PRODUCTS_DIR; };
		E52A0A002554470300DAB976 /* DataLayer.h */ = {isa = PBXFileReference; lastKnownFileType = sourcecode.c.h; path = DataLayer.h; sourceTree = "<group>"; };
		E52A0A012554470300DAB976 /* Info.plist */ = {isa = PBXFileReference; lastKnownFileType = text.plist.xml; path = Info.plist; sourceTree = "<group>"; };
		E52A0A062554470300DAB976 /* DataLayerTests.xctest */ = {isa = PBXFileReference; explicitFileType = wrapper.cfbundle; includeInIndex = 0; path = DataLayerTests.xctest; sourceTree = BUILT_PRODUCTS_DIR; };
		E52A0A0B2554470300DAB976 /* DataLayerTests.swift */ = {isa = PBXFileReference; lastKnownFileType = sourcecode.swift; path = DataLayerTests.swift; sourceTree = "<group>"; };
		E52A0A0D2554470300DAB976 /* Info.plist */ = {isa = PBXFileReference; lastKnownFileType = text.plist.xml; path = Info.plist; sourceTree = "<group>"; };
		E52A0A1A2554470E00DAB976 /* DomainLayer.framework */ = {isa = PBXFileReference; explicitFileType = wrapper.framework; path = DomainLayer.framework; sourceTree = BUILT_PRODUCTS_DIR; };
		E52A0A1B2554470E00DAB976 /* NetworkLayer.framework */ = {isa = PBXFileReference; explicitFileType = wrapper.framework; path = NetworkLayer.framework; sourceTree = BUILT_PRODUCTS_DIR; };
		E52A0A322554475A00DAB976 /* DataModule.swift */ = {isa = PBXFileReference; lastKnownFileType = sourcecode.swift; path = DataModule.swift; sourceTree = "<group>"; };
/* End PBXFileReference section */

/* Begin PBXFrameworksBuildPhase section */
		E52A09FA2554470300DAB976 /* Frameworks */ = {
			isa = PBXFrameworksBuildPhase;
			buildActionMask = 2147483647;
			files = (
				E52A0A1C2554470E00DAB976 /* DomainLayer.framework in Frameworks */,
				E52A0A1E2554470E00DAB976 /* NetworkLayer.framework in Frameworks */,
				45BDD525A73B4823AF6814AB /* Pods_DataLayer.framework in Frameworks */,
			);
			runOnlyForDeploymentPostprocessing = 0;
		};
		E52A0A032554470300DAB976 /* Frameworks */ = {
			isa = PBXFrameworksBuildPhase;
			buildActionMask = 2147483647;
			files = (
				E52A0A072554470300DAB976 /* DataLayer.framework in Frameworks */,
				5F3ACD6EA1C19883B7F9D9DB /* Pods_DataLayerTests.framework in Frameworks */,
			);
			runOnlyForDeploymentPostprocessing = 0;
		};
/* End PBXFrameworksBuildPhase section */

/* Begin PBXGroup section */
		4B0482E57C27AD22BC672610 /* Pods */ = {
			isa = PBXGroup;
			children = (
				BA111B1C6B093347B7F60FE4 /* Pods-DataLayer.debug.xcconfig */,
				3B4EB38BC6FB4F8901246D4F /* Pods-DataLayer.release.xcconfig */,
				1E6679543CE2B6811051D69C /* Pods-DataLayerTests.debug.xcconfig */,
				BEAD3CF0D2714EEF47DECACC /* Pods-DataLayerTests.release.xcconfig */,
			);
			name = Pods;
			path = ../Pods;
			sourceTree = "<group>";
		};
		E52A09F32554470300DAB976 = {
			isa = PBXGroup;
			children = (
				E52A09FF2554470300DAB976 /* DataLayer */,
				E52A0A0A2554470300DAB976 /* DataLayerTests */,
				E52A09FE2554470300DAB976 /* Products */,
				E52A0A192554470E00DAB976 /* Frameworks */,
				4B0482E57C27AD22BC672610 /* Pods */,
			);
			sourceTree = "<group>";
		};
		E52A09FE2554470300DAB976 /* Products */ = {
			isa = PBXGroup;
			children = (
				E52A09FD2554470300DAB976 /* DataLayer.framework */,
				E52A0A062554470300DAB976 /* DataLayerTests.xctest */,
			);
			name = Products;
			sourceTree = "<group>";
		};
		E52A09FF2554470300DAB976 /* DataLayer */ = {
			isa = PBXGroup;
			children = (
				E52A0A312554474D00DAB976 /* Module */,
				E52A0A002554470300DAB976 /* DataLayer.h */,
				E52A0A012554470300DAB976 /* Info.plist */,
			);
			path = DataLayer;
			sourceTree = "<group>";
		};
		E52A0A0A2554470300DAB976 /* DataLayerTests */ = {
			isa = PBXGroup;
			children = (
				E52A0A0B2554470300DAB976 /* DataLayerTests.swift */,
				E52A0A0D2554470300DAB976 /* Info.plist */,
			);
			path = DataLayerTests;
			sourceTree = "<group>";
		};
		E52A0A192554470E00DAB976 /* Frameworks */ = {
			isa = PBXGroup;
			children = (
				E52A0A1A2554470E00DAB976 /* DomainLayer.framework */,
				E52A0A1B2554470E00DAB976 /* NetworkLayer.framework */,
				3E6901FB15272B0953C19C66 /* Pods_DataLayer.framework */,
				5E9B8266F0C6C64C7B98DBC6 /* Pods_DataLayerTests.framework */,
			);
			name = Frameworks;
			sourceTree = "<group>";
		};
		E52A0A312554474D00DAB976 /* Module */ = {
			isa = PBXGroup;
			children = (
				E52A0A322554475A00DAB976 /* DataModule.swift */,
			);
			path = Module;
			sourceTree = "<group>";
		};
/* End PBXGroup section */

/* Begin PBXHeadersBuildPhase section */
		E52A09F82554470300DAB976 /* Headers */ = {
			isa = PBXHeadersBuildPhase;
			buildActionMask = 2147483647;
			files = (
				E52A0A0E2554470300DAB976 /* DataLayer.h in Headers */,
			);
			runOnlyForDeploymentPostprocessing = 0;
		};
/* End PBXHeadersBuildPhase section */

/* Begin PBXNativeTarget section */
		E52A09FC2554470300DAB976 /* DataLayer */ = {
			isa = PBXNativeTarget;
			buildConfigurationList = E52A0A112554470300DAB976 /* Build configuration list for PBXNativeTarget "DataLayer" */;
			buildPhases = (
				B43E08993AB63CD8D135F282 /* [CP] Check Pods Manifest.lock */,
				E52A09F82554470300DAB976 /* Headers */,
				E52A09F92554470300DAB976 /* Sources */,
				E52A09FA2554470300DAB976 /* Frameworks */,
				E52A09FB2554470300DAB976 /* Resources */,
				E52A0A202554470E00DAB976 /* Embed Frameworks */,
			);
			buildRules = (
			);
			dependencies = (
			);
			name = DataLayer;
			productName = DataLayer;
			productReference = E52A09FD2554470300DAB976 /* DataLayer.framework */;
			productType = "com.apple.product-type.framework";
		};
		E52A0A052554470300DAB976 /* DataLayerTests */ = {
			isa = PBXNativeTarget;
			buildConfigurationList = E52A0A142554470300DAB976 /* Build configuration list for PBXNativeTarget "DataLayerTests" */;
			buildPhases = (
				FB2EE13986563E03CD7AE115 /* [CP] Check Pods Manifest.lock */,
				E52A0A022554470300DAB976 /* Sources */,
				E52A0A032554470300DAB976 /* Frameworks */,
				E52A0A042554470300DAB976 /* Resources */,
			);
			buildRules = (
			);
			dependencies = (
				E52A0A092554470300DAB976 /* PBXTargetDependency */,
			);
			name = DataLayerTests;
			productName = DataLayerTests;
			productReference = E52A0A062554470300DAB976 /* DataLayerTests.xctest */;
			productType = "com.apple.product-type.bundle.unit-test";
		};
/* End PBXNativeTarget section */

/* Begin PBXProject section */
		E52A09F42554470300DAB976 /* Project object */ = {
			isa = PBXProject;
			attributes = {
				LastSwiftUpdateCheck = 1210;
				LastUpgradeCheck = 1210;
				TargetAttributes = {
					E52A09FC2554470300DAB976 = {
						CreatedOnToolsVersion = 12.1;
						LastSwiftMigration = 1210;
					};
					E52A0A052554470300DAB976 = {
						CreatedOnToolsVersion = 12.1;
					};
				};
			};
			buildConfigurationList = E52A09F72554470300DAB976 /* Build configuration list for PBXProject "DataLayer" */;
			compatibilityVersion = "Xcode 9.3";
			developmentRegion = en;
			hasScannedForEncodings = 0;
			knownRegions = (
				en,
				Base,
			);
			mainGroup = E52A09F32554470300DAB976;
			productRefGroup = E52A09FE2554470300DAB976 /* Products */;
			projectDirPath = "";
			projectRoot = "";
			targets = (
				E52A09FC2554470300DAB976 /* DataLayer */,
				E52A0A052554470300DAB976 /* DataLayerTests */,
			);
		};
/* End PBXProject section */

/* Begin PBXResourcesBuildPhase section */
		E52A09FB2554470300DAB976 /* Resources */ = {
			isa = PBXResourcesBuildPhase;
			buildActionMask = 2147483647;
			files = (
			);
			runOnlyForDeploymentPostprocessing = 0;
		};
		E52A0A042554470300DAB976 /* Resources */ = {
			isa = PBXResourcesBuildPhase;
			buildActionMask = 2147483647;
			files = (
			);
			runOnlyForDeploymentPostprocessing = 0;
		};
/* End PBXResourcesBuildPhase section */

/* Begin PBXShellScriptBuildPhase section */
		B43E08993AB63CD8D135F282 /* [CP] Check Pods Manifest.lock */ = {
			isa = PBXShellScriptBuildPhase;
			buildActionMask = 2147483647;
			files = (
			);
			inputFileListPaths = (
			);
			inputPaths = (
				"${PODS_PODFILE_DIR_PATH}/Podfile.lock",
				"${PODS_ROOT}/Manifest.lock",
			);
			name = "[CP] Check Pods Manifest.lock";
			outputFileListPaths = (
			);
			outputPaths = (
				"$(DERIVED_FILE_DIR)/Pods-DataLayer-checkManifestLockResult.txt",
			);
			runOnlyForDeploymentPostprocessing = 0;
			shellPath = /bin/sh;
			shellScript = "diff \"${PODS_PODFILE_DIR_PATH}/Podfile.lock\" \"${PODS_ROOT}/Manifest.lock\" > /dev/null\nif [ $? != 0 ] ; then\n    # print error to STDERR\n    echo \"error: The sandbox is not in sync with the Podfile.lock. Run 'pod install' or update your CocoaPods installation.\" >&2\n    exit 1\nfi\n# This output is used by Xcode 'outputs' to avoid re-running this script phase.\necho \"SUCCESS\" > \"${SCRIPT_OUTPUT_FILE_0}\"\n";
			showEnvVarsInLog = 0;
		};
		FB2EE13986563E03CD7AE115 /* [CP] Check Pods Manifest.lock */ = {
			isa = PBXShellScriptBuildPhase;
			buildActionMask = 2147483647;
			files = (
			);
			inputFileListPaths = (
			);
			inputPaths = (
				"${PODS_PODFILE_DIR_PATH}/Podfile.lock",
				"${PODS_ROOT}/Manifest.lock",
			);
			name = "[CP] Check Pods Manifest.lock";
			outputFileListPaths = (
			);
			outputPaths = (
				"$(DERIVED_FILE_DIR)/Pods-DataLayerTests-checkManifestLockResult.txt",
			);
			runOnlyForDeploymentPostprocessing = 0;
			shellPath = /bin/sh;
			shellScript = "diff \"${PODS_PODFILE_DIR_PATH}/Podfile.lock\" \"${PODS_ROOT}/Manifest.lock\" > /dev/null\nif [ $? != 0 ] ; then\n    # print error to STDERR\n    echo \"error: The sandbox is not in sync with the Podfile.lock. Run 'pod install' or update your CocoaPods installation.\" >&2\n    exit 1\nfi\n# This output is used by Xcode 'outputs' to avoid re-running this script phase.\necho \"SUCCESS\" > \"${SCRIPT_OUTPUT_FILE_0}\"\n";
			showEnvVarsInLog = 0;
		};
/* End PBXShellScriptBuildPhase section */

/* Begin PBXSourcesBuildPhase section */
		E52A09F92554470300DAB976 /* Sources */ = {
			isa = PBXSourcesBuildPhase;
			buildActionMask = 2147483647;
			files = (
				E52A0A332554475A00DAB976 /* DataModule.swift in Sources */,
			);
			runOnlyForDeploymentPostprocessing = 0;
		};
		E52A0A022554470300DAB976 /* Sources */ = {
			isa = PBXSourcesBuildPhase;
			buildActionMask = 2147483647;
			files = (
				E52A0A0C2554470300DAB976 /* DataLayerTests.swift in Sources */,
			);
			runOnlyForDeploymentPostprocessing = 0;
		};
/* End PBXSourcesBuildPhase section */

/* Begin PBXTargetDependency section */
		E52A0A092554470300DAB976 /* PBXTargetDependency */ = {
			isa = PBXTargetDependency;
			target = E52A09FC2554470300DAB976 /* DataLayer */;
			targetProxy = E52A0A082554470300DAB976 /* PBXContainerItemProxy */;
		};
/* End PBXTargetDependency section */

/* Begin XCBuildConfiguration section */
		E52A0A0F2554470300DAB976 /* Debug */ = {
			isa = XCBuildConfiguration;
			buildSettings = {
				ALWAYS_SEARCH_USER_PATHS = NO;
				CLANG_ANALYZER_NONNULL = YES;
				CLANG_ANALYZER_NUMBER_OBJECT_CONVERSION = YES_AGGRESSIVE;
				CLANG_CXX_LANGUAGE_STANDARD = "gnu++14";
				CLANG_CXX_LIBRARY = "libc++";
				CLANG_ENABLE_MODULES = YES;
				CLANG_ENABLE_OBJC_ARC = YES;
				CLANG_ENABLE_OBJC_WEAK = YES;
				CLANG_WARN_BLOCK_CAPTURE_AUTORELEASING = YES;
				CLANG_WARN_BOOL_CONVERSION = YES;
				CLANG_WARN_COMMA = YES;
				CLANG_WARN_CONSTANT_CONVERSION = YES;
				CLANG_WARN_DEPRECATED_OBJC_IMPLEMENTATIONS = YES;
				CLANG_WARN_DIRECT_OBJC_ISA_USAGE = YES_ERROR;
				CLANG_WARN_DOCUMENTATION_COMMENTS = YES;
				CLANG_WARN_EMPTY_BODY = YES;
				CLANG_WARN_ENUM_CONVERSION = YES;
				CLANG_WARN_INFINITE_RECURSION = YES;
				CLANG_WARN_INT_CONVERSION = YES;
				CLANG_WARN_NON_LITERAL_NULL_CONVERSION = YES;
				CLANG_WARN_OBJC_IMPLICIT_RETAIN_SELF = YES;
				CLANG_WARN_OBJC_LITERAL_CONVERSION = YES;
				CLANG_WARN_OBJC_ROOT_CLASS = YES_ERROR;
				CLANG_WARN_QUOTED_INCLUDE_IN_FRAMEWORK_HEADER = YES;
				CLANG_WARN_RANGE_LOOP_ANALYSIS = YES;
				CLANG_WARN_STRICT_PROTOTYPES = YES;
				CLANG_WARN_SUSPICIOUS_MOVE = YES;
				CLANG_WARN_UNGUARDED_AVAILABILITY = YES_AGGRESSIVE;
				CLANG_WARN_UNREACHABLE_CODE = YES;
				CLANG_WARN__DUPLICATE_METHOD_MATCH = YES;
				COPY_PHASE_STRIP = NO;
				CURRENT_PROJECT_VERSION = 1;
				DEBUG_INFORMATION_FORMAT = dwarf;
				ENABLE_STRICT_OBJC_MSGSEND = YES;
				ENABLE_TESTABILITY = YES;
				GCC_C_LANGUAGE_STANDARD = gnu11;
				GCC_DYNAMIC_NO_PIC = NO;
				GCC_NO_COMMON_BLOCKS = YES;
				GCC_OPTIMIZATION_LEVEL = 0;
				GCC_PREPROCESSOR_DEFINITIONS = (
					"DEBUG=1",
					"$(inherited)",
				);
				GCC_WARN_64_TO_32_BIT_CONVERSION = YES;
				GCC_WARN_ABOUT_RETURN_TYPE = YES_ERROR;
				GCC_WARN_UNDECLARED_SELECTOR = YES;
				GCC_WARN_UNINITIALIZED_AUTOS = YES_AGGRESSIVE;
				GCC_WARN_UNUSED_FUNCTION = YES;
				GCC_WARN_UNUSED_VARIABLE = YES;
				IPHONEOS_DEPLOYMENT_TARGET = 14.1;
				MTL_ENABLE_DEBUG_INFO = INCLUDE_SOURCE;
				MTL_FAST_MATH = YES;
				ONLY_ACTIVE_ARCH = YES;
				SDKROOT = iphoneos;
				SWIFT_ACTIVE_COMPILATION_CONDITIONS = DEBUG;
				SWIFT_OPTIMIZATION_LEVEL = "-Onone";
				VERSIONING_SYSTEM = "apple-generic";
				VERSION_INFO_PREFIX = "";
			};
			name = Debug;
		};
		E52A0A102554470300DAB976 /* Release */ = {
			isa = XCBuildConfiguration;
			buildSettings = {
				ALWAYS_SEARCH_USER_PATHS = NO;
				CLANG_ANALYZER_NONNULL = YES;
				CLANG_ANALYZER_NUMBER_OBJECT_CONVERSION = YES_AGGRESSIVE;
				CLANG_CXX_LANGUAGE_STANDARD = "gnu++14";
				CLANG_CXX_LIBRARY = "libc++";
				CLANG_ENABLE_MODULES = YES;
				CLANG_ENABLE_OBJC_ARC = YES;
				CLANG_ENABLE_OBJC_WEAK = YES;
				CLANG_WARN_BLOCK_CAPTURE_AUTORELEASING = YES;
				CLANG_WARN_BOOL_CONVERSION = YES;
				CLANG_WARN_COMMA = YES;
				CLANG_WARN_CONSTANT_CONVERSION = YES;
				CLANG_WARN_DEPRECATED_OBJC_IMPLEMENTATIONS = YES;
				CLANG_WARN_DIRECT_OBJC_ISA_USAGE = YES_ERROR;
				CLANG_WARN_DOCUMENTATION_COMMENTS = YES;
				CLANG_WARN_EMPTY_BODY = YES;
				CLANG_WARN_ENUM_CONVERSION = YES;
				CLANG_WARN_INFINITE_RECURSION = YES;
				CLANG_WARN_INT_CONVERSION = YES;
				CLANG_WARN_NON_LITERAL_NULL_CONVERSION = YES;
				CLANG_WARN_OBJC_IMPLICIT_RETAIN_SELF = YES;
				CLANG_WARN_OBJC_LITERAL_CONVERSION = YES;
				CLANG_WARN_OBJC_ROOT_CLASS = YES_ERROR;
				CLANG_WARN_QUOTED_INCLUDE_IN_FRAMEWORK_HEADER = YES;
				CLANG_WARN_RANGE_LOOP_ANALYSIS = YES;
				CLANG_WARN_STRICT_PROTOTYPES = YES;
				CLANG_WARN_SUSPICIOUS_MOVE = YES;
				CLANG_WARN_UNGUARDED_AVAILABILITY = YES_AGGRESSIVE;
				CLANG_WARN_UNREACHABLE_CODE = YES;
				CLANG_WARN__DUPLICATE_METHOD_MATCH = YES;
				COPY_PHASE_STRIP = NO;
				CURRENT_PROJECT_VERSION = 1;
				DEBUG_INFORMATION_FORMAT = "dwarf-with-dsym";
				ENABLE_NS_ASSERTIONS = NO;
				ENABLE_STRICT_OBJC_MSGSEND = YES;
				GCC_C_LANGUAGE_STANDARD = gnu11;
				GCC_NO_COMMON_BLOCKS = YES;
				GCC_WARN_64_TO_32_BIT_CONVERSION = YES;
				GCC_WARN_ABOUT_RETURN_TYPE = YES_ERROR;
				GCC_WARN_UNDECLARED_SELECTOR = YES;
				GCC_WARN_UNINITIALIZED_AUTOS = YES_AGGRESSIVE;
				GCC_WARN_UNUSED_FUNCTION = YES;
				GCC_WARN_UNUSED_VARIABLE = YES;
				IPHONEOS_DEPLOYMENT_TARGET = 14.1;
				MTL_ENABLE_DEBUG_INFO = NO;
				MTL_FAST_MATH = YES;
				SDKROOT = iphoneos;
				SWIFT_COMPILATION_MODE = wholemodule;
				SWIFT_OPTIMIZATION_LEVEL = "-O";
				VALIDATE_PRODUCT = YES;
				VERSIONING_SYSTEM = "apple-generic";
				VERSION_INFO_PREFIX = "";
			};
			name = Release;
		};
		E52A0A122554470300DAB976 /* Debug */ = {
			isa = XCBuildConfiguration;
			baseConfigurationReference = BA111B1C6B093347B7F60FE4 /* Pods-DataLayer.debug.xcconfig */;
			buildSettings = {
				CLANG_ENABLE_MODULES = YES;
				CODE_SIGN_STYLE = Automatic;
				DEFINES_MODULE = YES;
				DEVELOPMENT_TEAM = Y9CYE9NBLT;
				DYLIB_COMPATIBILITY_VERSION = 1;
				DYLIB_CURRENT_VERSION = 1;
				DYLIB_INSTALL_NAME_BASE = "@rpath";
				INFOPLIST_FILE = DataLayer/Info.plist;
				INSTALL_PATH = "$(LOCAL_LIBRARY_DIR)/Frameworks";
				LD_RUNPATH_SEARCH_PATHS = (
					"$(inherited)",
					"@executable_path/Frameworks",
					"@loader_path/Frameworks",
				);
				PRODUCT_BUNDLE_IDENTIFIER = com.mehdok.marvel.DataLayer;
				PRODUCT_NAME = "$(TARGET_NAME:c99extidentifier)";
				SKIP_INSTALL = YES;
				SWIFT_OPTIMIZATION_LEVEL = "-Onone";
				SWIFT_VERSION = 5.0;
				TARGETED_DEVICE_FAMILY = "1,2";
			};
			name = Debug;
		};
		E52A0A132554470300DAB976 /* Release */ = {
			isa = XCBuildConfiguration;
			baseConfigurationReference = 3B4EB38BC6FB4F8901246D4F /* Pods-DataLayer.release.xcconfig */;
			buildSettings = {
				CLANG_ENABLE_MODULES = YES;
				CODE_SIGN_STYLE = Automatic;
				DEFINES_MODULE = YES;
				DEVELOPMENT_TEAM = Y9CYE9NBLT;
				DYLIB_COMPATIBILITY_VERSION = 1;
				DYLIB_CURRENT_VERSION = 1;
				DYLIB_INSTALL_NAME_BASE = "@rpath";
				INFOPLIST_FILE = DataLayer/Info.plist;
				INSTALL_PATH = "$(LOCAL_LIBRARY_DIR)/Frameworks";
				LD_RUNPATH_SEARCH_PATHS = (
					"$(inherited)",
					"@executable_path/Frameworks",
					"@loader_path/Frameworks",
				);
				PRODUCT_BUNDLE_IDENTIFIER = com.mehdok.marvel.DataLayer;
				PRODUCT_NAME = "$(TARGET_NAME:c99extidentifier)";
				SKIP_INSTALL = YES;
				SWIFT_VERSION = 5.0;
				TARGETED_DEVICE_FAMILY = "1,2";
			};
			name = Release;
		};
		E52A0A152554470300DAB976 /* Debug */ = {
			isa = XCBuildConfiguration;
			baseConfigurationReference = 1E6679543CE2B6811051D69C /* Pods-DataLayerTests.debug.xcconfig */;
			buildSettings = {
				ALWAYS_EMBED_SWIFT_STANDARD_LIBRARIES = YES;
				CODE_SIGN_STYLE = Automatic;
				DEVELOPMENT_TEAM = Y9CYE9NBLT;
				INFOPLIST_FILE = DataLayerTests/Info.plist;
				LD_RUNPATH_SEARCH_PATHS = (
					"$(inherited)",
					"@executable_path/Frameworks",
					"@loader_path/Frameworks",
				);
				PRODUCT_BUNDLE_IDENTIFIER = com.mehdok.marvel.DataLayerTests;
				PRODUCT_NAME = "$(TARGET_NAME)";
				SWIFT_VERSION = 5.0;
				TARGETED_DEVICE_FAMILY = "1,2";
			};
			name = Debug;
		};
		E52A0A162554470300DAB976 /* Release */ = {
			isa = XCBuildConfiguration;
			baseConfigurationReference = BEAD3CF0D2714EEF47DECACC /* Pods-DataLayerTests.release.xcconfig */;
			buildSettings = {
				ALWAYS_EMBED_SWIFT_STANDARD_LIBRARIES = YES;
				CODE_SIGN_STYLE = Automatic;
				DEVELOPMENT_TEAM = Y9CYE9NBLT;
				INFOPLIST_FILE = DataLayerTests/Info.plist;
				LD_RUNPATH_SEARCH_PATHS = (
					"$(inherited)",
					"@executable_path/Frameworks",
					"@loader_path/Frameworks",
				);
				PRODUCT_BUNDLE_IDENTIFIER = com.mehdok.marvel.DataLayerTests;
				PRODUCT_NAME = "$(TARGET_NAME)";
				SWIFT_VERSION = 5.0;
				TARGETED_DEVICE_FAMILY = "1,2";
			};
			name = Release;
		};
/* End XCBuildConfiguration section */

/* Begin XCConfigurationList section */
		E52A09F72554470300DAB976 /* Build configuration list for PBXProject "DataLayer" */ = {
			isa = XCConfigurationList;
			buildConfigurations = (
				E52A0A0F2554470300DAB976 /* Debug */,
				E52A0A102554470300DAB976 /* Release */,
			);
			defaultConfigurationIsVisible = 0;
			defaultConfigurationName = Release;
		};
		E52A0A112554470300DAB976 /* Build configuration list for PBXNativeTarget "DataLayer" */ = {
			isa = XCConfigurationList;
			buildConfigurations = (
				E52A0A122554470300DAB976 /* Debug */,
				E52A0A132554470300DAB976 /* Release */,
			);
			defaultConfigurationIsVisible = 0;
			defaultConfigurationName = Release;
		};
		E52A0A142554470300DAB976 /* Build configuration list for PBXNativeTarget "DataLayerTests" */ = {
			isa = XCConfigurationList;
			buildConfigurations = (
				E52A0A152554470300DAB976 /* Debug */,
				E52A0A162554470300DAB976 /* Release */,
			);
			defaultConfigurationIsVisible = 0;
			defaultConfigurationName = Release;
		};
/* End XCConfigurationList section */
	};
	rootObject = E52A09F42554470300DAB976 /* Project object */;
}
