// !$*UTF8*$!
{
	archiveVersion = 1;
	classes = {
	};
	objectVersion = 51;
	objects = {

/* Begin PBXBuildFile section */
		003AA87C9C92D3C410068967 /* Pods_MarvelApiSwiftUiTest.framework in Frameworks */ = {isa = PBXBuildFile; fileRef = 922265333B4DE7101BF4CEB8 /* Pods_MarvelApiSwiftUiTest.framework */; };
		4A4CC4C10EAD37F3C7AA3DA2 /* Pods_MarvelApiSwiftUiTestTests.framework in Frameworks */ = {isa = PBXBuildFile; fileRef = BE0E05A5643B9DAF660CBE72 /* Pods_MarvelApiSwiftUiTestTests.framework */; };
		E52A0915255438D800DAB976 /* DomainLayer.framework in Frameworks */ = {isa = PBXBuildFile; fileRef = E52A0913255438D800DAB976 /* DomainLayer.framework */; };
		E52A0916255438D800DAB976 /* DomainLayer.framework in Embed Frameworks */ = {isa = PBXBuildFile; fileRef = E52A0913255438D800DAB976 /* DomainLayer.framework */; settings = {ATTRIBUTES = (CodeSignOnCopy, RemoveHeadersOnCopy, ); }; };
		E52A0917255438D800DAB976 /* NetworkLayer.framework in Frameworks */ = {isa = PBXBuildFile; fileRef = E52A0914255438D800DAB976 /* NetworkLayer.framework */; };
		E52A0918255438D800DAB976 /* NetworkLayer.framework in Embed Frameworks */ = {isa = PBXBuildFile; fileRef = E52A0914255438D800DAB976 /* NetworkLayer.framework */; settings = {ATTRIBUTES = (CodeSignOnCopy, RemoveHeadersOnCopy, ); }; };
		E52A0A6E255449AB00DAB976 /* DataLayer.framework in Frameworks */ = {isa = PBXBuildFile; fileRef = E52A0A6D255449AB00DAB976 /* DataLayer.framework */; };
		E52A0A6F255449AB00DAB976 /* DataLayer.framework in Embed Frameworks */ = {isa = PBXBuildFile; fileRef = E52A0A6D255449AB00DAB976 /* DataLayer.framework */; settings = {ATTRIBUTES = (CodeSignOnCopy, RemoveHeadersOnCopy, ); }; };
		E52A0A74255449D000DAB976 /* AppService.swift in Sources */ = {isa = PBXBuildFile; fileRef = E52A0A73255449D000DAB976 /* AppService.swift */; };
		E52A0A7A25544A5100DAB976 /* DependenciesAppService.swift in Sources */ = {isa = PBXBuildFile; fileRef = E52A0A7925544A5100DAB976 /* DependenciesAppService.swift */; };
		E52A0A8125544AA400DAB976 /* Log.swift in Sources */ = {isa = PBXBuildFile; fileRef = E52A0A8025544AA400DAB976 /* Log.swift */; };
		E52A0A8725544ABD00DAB976 /* KeyUtil.swift in Sources */ = {isa = PBXBuildFile; fileRef = E52A0A8625544ABD00DAB976 /* KeyUtil.swift */; };
		E52A0A8B25544AEA00DAB976 /* Keys.plist in Resources */ = {isa = PBXBuildFile; fileRef = E52A0A8A25544AEA00DAB976 /* Keys.plist */; };
		E52A0A9025544BAF00DAB976 /* PluggableApp.swift in Sources */ = {isa = PBXBuildFile; fileRef = E52A0A8F25544BAF00DAB976 /* PluggableApp.swift */; };
		E579E8AD255401C900C5F5AC /* BaseApp.swift in Sources */ = {isa = PBXBuildFile; fileRef = E579E8AC255401C900C5F5AC /* BaseApp.swift */; };
		E579E8C3255434DE00C5F5AC /* MainScreen.swift in Sources */ = {isa = PBXBuildFile; fileRef = E579E8C2255434DE00C5F5AC /* MainScreen.swift */; };
		E5EDB1672553FAC3009D3DF9 /* MarvelApiSwiftUiTestApp.swift in Sources */ = {isa = PBXBuildFile; fileRef = E5EDB1662553FAC3009D3DF9 /* MarvelApiSwiftUiTestApp.swift */; };
		E5EDB16B2553FAC4009D3DF9 /* Assets.xcassets in Resources */ = {isa = PBXBuildFile; fileRef = E5EDB16A2553FAC4009D3DF9 /* Assets.xcassets */; };
		E5EDB16E2553FAC4009D3DF9 /* Preview Assets.xcassets in Resources */ = {isa = PBXBuildFile; fileRef = E5EDB16D2553FAC4009D3DF9 /* Preview Assets.xcassets */; };
		E5EDB1792553FAC4009D3DF9 /* MarvelApiSwiftUiTestTests.swift in Sources */ = {isa = PBXBuildFile; fileRef = E5EDB1782553FAC4009D3DF9 /* MarvelApiSwiftUiTestTests.swift */; };
		E5EDB1842553FAC4009D3DF9 /* MarvelApiSwiftUiTestUITests.swift in Sources */ = {isa = PBXBuildFile; fileRef = E5EDB1832553FAC4009D3DF9 /* MarvelApiSwiftUiTestUITests.swift */; };
		FC255B027AD103DA11A8C550 /* Pods_MarvelApiSwiftUiTest_MarvelApiSwiftUiTestUITests.framework in Frameworks */ = {isa = PBXBuildFile; fileRef = A3D56DC7276305C2DBDFCAC5 /* Pods_MarvelApiSwiftUiTest_MarvelApiSwiftUiTestUITests.framework */; };
/* End PBXBuildFile section */

/* Begin PBXContainerItemProxy section */
		E5EDB1752553FAC4009D3DF9 /* PBXContainerItemProxy */ = {
			isa = PBXContainerItemProxy;
			containerPortal = E5EDB15B2553FAC3009D3DF9 /* Project object */;
			proxyType = 1;
			remoteGlobalIDString = E5EDB1622553FAC3009D3DF9;
			remoteInfo = MarvelApiSwiftUiTest;
		};
		E5EDB1802553FAC4009D3DF9 /* PBXContainerItemProxy */ = {
			isa = PBXContainerItemProxy;
			containerPortal = E5EDB15B2553FAC3009D3DF9 /* Project object */;
			proxyType = 1;
			remoteGlobalIDString = E5EDB1622553FAC3009D3DF9;
			remoteInfo = MarvelApiSwiftUiTest;
		};
/* End PBXContainerItemProxy section */

/* Begin PBXCopyFilesBuildPhase section */
		E52A0919255438D800DAB976 /* Embed Frameworks */ = {
			isa = PBXCopyFilesBuildPhase;
			buildActionMask = 2147483647;
			dstPath = "";
			dstSubfolderSpec = 10;
			files = (
				E52A0916255438D800DAB976 /* DomainLayer.framework in Embed Frameworks */,
				E52A0918255438D800DAB976 /* NetworkLayer.framework in Embed Frameworks */,
				E52A0A6F255449AB00DAB976 /* DataLayer.framework in Embed Frameworks */,
			);
			name = "Embed Frameworks";
			runOnlyForDeploymentPostprocessing = 0;
		};
/* End PBXCopyFilesBuildPhase section */

/* Begin PBXFileReference section */
		0461EF10DED6A9FFF4B92F81 /* Pods-MarvelApiSwiftUiTestTests.release.xcconfig */ = {isa = PBXFileReference; includeInIndex = 1; lastKnownFileType = text.xcconfig; name = "Pods-MarvelApiSwiftUiTestTests.release.xcconfig"; path = "Target Support Files/Pods-MarvelApiSwiftUiTestTests/Pods-MarvelApiSwiftUiTestTests.release.xcconfig"; sourceTree = "<group>"; };
		3C462802A6C97697A0E262AE /* Pods-MarvelApiSwiftUiTest.debug.xcconfig */ = {isa = PBXFileReference; includeInIndex = 1; lastKnownFileType = text.xcconfig; name = "Pods-MarvelApiSwiftUiTest.debug.xcconfig"; path = "Target Support Files/Pods-MarvelApiSwiftUiTest/Pods-MarvelApiSwiftUiTest.debug.xcconfig"; sourceTree = "<group>"; };
		56EF993A111059999E57B41F /* Pods-MarvelApiSwiftUiTest-MarvelApiSwiftUiTestUITests.debug.xcconfig */ = {isa = PBXFileReference; includeInIndex = 1; lastKnownFileType = text.xcconfig; name = "Pods-MarvelApiSwiftUiTest-MarvelApiSwiftUiTestUITests.debug.xcconfig"; path = "Target Support Files/Pods-MarvelApiSwiftUiTest-MarvelApiSwiftUiTestUITests/Pods-MarvelApiSwiftUiTest-MarvelApiSwiftUiTestUITests.debug.xcconfig"; sourceTree = "<group>"; };
		90C34E895669EFBA02114BA8 /* Pods-MarvelApiSwiftUiTest.release.xcconfig */ = {isa = PBXFileReference; includeInIndex = 1; lastKnownFileType = text.xcconfig; name = "Pods-MarvelApiSwiftUiTest.release.xcconfig"; path = "Target Support Files/Pods-MarvelApiSwiftUiTest/Pods-MarvelApiSwiftUiTest.release.xcconfig"; sourceTree = "<group>"; };
		922265333B4DE7101BF4CEB8 /* Pods_MarvelApiSwiftUiTest.framework */ = {isa = PBXFileReference; explicitFileType = wrapper.framework; includeInIndex = 0; path = Pods_MarvelApiSwiftUiTest.framework; sourceTree = BUILT_PRODUCTS_DIR; };
		A3D56DC7276305C2DBDFCAC5 /* Pods_MarvelApiSwiftUiTest_MarvelApiSwiftUiTestUITests.framework */ = {isa = PBXFileReference; explicitFileType = wrapper.framework; includeInIndex = 0; path = Pods_MarvelApiSwiftUiTest_MarvelApiSwiftUiTestUITests.framework; sourceTree = BUILT_PRODUCTS_DIR; };
		BE0E05A5643B9DAF660CBE72 /* Pods_MarvelApiSwiftUiTestTests.framework */ = {isa = PBXFileReference; explicitFileType = wrapper.framework; includeInIndex = 0; path = Pods_MarvelApiSwiftUiTestTests.framework; sourceTree = BUILT_PRODUCTS_DIR; };
		C38648EE0D800B6BB8DCC506 /* Pods-MarvelApiSwiftUiTestTests.debug.xcconfig */ = {isa = PBXFileReference; includeInIndex = 1; lastKnownFileType = text.xcconfig; name = "Pods-MarvelApiSwiftUiTestTests.debug.xcconfig"; path = "Target Support Files/Pods-MarvelApiSwiftUiTestTests/Pods-MarvelApiSwiftUiTestTests.debug.xcconfig"; sourceTree = "<group>"; };
		D4A7547763B91E8E3AEB07E2 /* Pods-MarvelApiSwiftUiTest-MarvelApiSwiftUiTestUITests.release.xcconfig */ = {isa = PBXFileReference; includeInIndex = 1; lastKnownFileType = text.xcconfig; name = "Pods-MarvelApiSwiftUiTest-MarvelApiSwiftUiTestUITests.release.xcconfig"; path = "Target Support Files/Pods-MarvelApiSwiftUiTest-MarvelApiSwiftUiTestUITests/Pods-MarvelApiSwiftUiTest-MarvelApiSwiftUiTestUITests.release.xcconfig"; sourceTree = "<group>"; };
		E52A0913255438D800DAB976 /* DomainLayer.framework */ = {isa = PBXFileReference; explicitFileType = wrapper.framework; path = DomainLayer.framework; sourceTree = BUILT_PRODUCTS_DIR; };
		E52A0914255438D800DAB976 /* NetworkLayer.framework */ = {isa = PBXFileReference; explicitFileType = wrapper.framework; path = NetworkLayer.framework; sourceTree = BUILT_PRODUCTS_DIR; };
		E52A0A6D255449AB00DAB976 /* DataLayer.framework */ = {isa = PBXFileReference; explicitFileType = wrapper.framework; path = DataLayer.framework; sourceTree = BUILT_PRODUCTS_DIR; };
		E52A0A73255449D000DAB976 /* AppService.swift */ = {isa = PBXFileReference; lastKnownFileType = sourcecode.swift; path = AppService.swift; sourceTree = "<group>"; };
		E52A0A7925544A5100DAB976 /* DependenciesAppService.swift */ = {isa = PBXFileReference; lastKnownFileType = sourcecode.swift; path = DependenciesAppService.swift; sourceTree = "<group>"; };
		E52A0A8025544AA400DAB976 /* Log.swift */ = {isa = PBXFileReference; lastKnownFileType = sourcecode.swift; path = Log.swift; sourceTree = "<group>"; };
		E52A0A8625544ABD00DAB976 /* KeyUtil.swift */ = {isa = PBXFileReference; lastKnownFileType = sourcecode.swift; path = KeyUtil.swift; sourceTree = "<group>"; };
		E52A0A8A25544AEA00DAB976 /* Keys.plist */ = {isa = PBXFileReference; lastKnownFileType = text.plist.xml; path = Keys.plist; sourceTree = "<group>"; };
		E52A0A8F25544BAF00DAB976 /* PluggableApp.swift */ = {isa = PBXFileReference; lastKnownFileType = sourcecode.swift; path = PluggableApp.swift; sourceTree = "<group>"; };
		E579E8AC255401C900C5F5AC /* BaseApp.swift */ = {isa = PBXFileReference; lastKnownFileType = sourcecode.swift; path = BaseApp.swift; sourceTree = "<group>"; };
		E579E8C2255434DE00C5F5AC /* MainScreen.swift */ = {isa = PBXFileReference; lastKnownFileType = sourcecode.swift; path = MainScreen.swift; sourceTree = "<group>"; };
		E5EDB1632553FAC3009D3DF9 /* MarvelApiSwiftUiTest.app */ = {isa = PBXFileReference; explicitFileType = wrapper.application; includeInIndex = 0; path = MarvelApiSwiftUiTest.app; sourceTree = BUILT_PRODUCTS_DIR; };
		E5EDB1662553FAC3009D3DF9 /* MarvelApiSwiftUiTestApp.swift */ = {isa = PBXFileReference; lastKnownFileType = sourcecode.swift; path = MarvelApiSwiftUiTestApp.swift; sourceTree = "<group>"; };
		E5EDB16A2553FAC4009D3DF9 /* Assets.xcassets */ = {isa = PBXFileReference; lastKnownFileType = folder.assetcatalog; path = Assets.xcassets; sourceTree = "<group>"; };
		E5EDB16D2553FAC4009D3DF9 /* Preview Assets.xcassets */ = {isa = PBXFileReference; lastKnownFileType = folder.assetcatalog; path = "Preview Assets.xcassets"; sourceTree = "<group>"; };
		E5EDB16F2553FAC4009D3DF9 /* Info.plist */ = {isa = PBXFileReference; lastKnownFileType = text.plist.xml; path = Info.plist; sourceTree = "<group>"; };
		E5EDB1742553FAC4009D3DF9 /* MarvelApiSwiftUiTestTests.xctest */ = {isa = PBXFileReference; explicitFileType = wrapper.cfbundle; includeInIndex = 0; path = MarvelApiSwiftUiTestTests.xctest; sourceTree = BUILT_PRODUCTS_DIR; };
		E5EDB1782553FAC4009D3DF9 /* MarvelApiSwiftUiTestTests.swift */ = {isa = PBXFileReference; lastKnownFileType = sourcecode.swift; path = MarvelApiSwiftUiTestTests.swift; sourceTree = "<group>"; };
		E5EDB17A2553FAC4009D3DF9 /* Info.plist */ = {isa = PBXFileReference; lastKnownFileType = text.plist.xml; path = Info.plist; sourceTree = "<group>"; };
		E5EDB17F2553FAC4009D3DF9 /* MarvelApiSwiftUiTestUITests.xctest */ = {isa = PBXFileReference; explicitFileType = wrapper.cfbundle; includeInIndex = 0; path = MarvelApiSwiftUiTestUITests.xctest; sourceTree = BUILT_PRODUCTS_DIR; };
		E5EDB1832553FAC4009D3DF9 /* MarvelApiSwiftUiTestUITests.swift */ = {isa = PBXFileReference; lastKnownFileType = sourcecode.swift; path = MarvelApiSwiftUiTestUITests.swift; sourceTree = "<group>"; };
		E5EDB1852553FAC4009D3DF9 /* Info.plist */ = {isa = PBXFileReference; lastKnownFileType = text.plist.xml; path = Info.plist; sourceTree = "<group>"; };
/* End PBXFileReference section */

/* Begin PBXFrameworksBuildPhase section */
		E5EDB1602553FAC3009D3DF9 /* Frameworks */ = {
			isa = PBXFrameworksBuildPhase;
			buildActionMask = 2147483647;
			files = (
				E52A0917255438D800DAB976 /* NetworkLayer.framework in Frameworks */,
				E52A0915255438D800DAB976 /* DomainLayer.framework in Frameworks */,
				E52A0A6E255449AB00DAB976 /* DataLayer.framework in Frameworks */,
				003AA87C9C92D3C410068967 /* Pods_MarvelApiSwiftUiTest.framework in Frameworks */,
			);
			runOnlyForDeploymentPostprocessing = 0;
		};
		E5EDB1712553FAC4009D3DF9 /* Frameworks */ = {
			isa = PBXFrameworksBuildPhase;
			buildActionMask = 2147483647;
			files = (
				4A4CC4C10EAD37F3C7AA3DA2 /* Pods_MarvelApiSwiftUiTestTests.framework in Frameworks */,
			);
			runOnlyForDeploymentPostprocessing = 0;
		};
		E5EDB17C2553FAC4009D3DF9 /* Frameworks */ = {
			isa = PBXFrameworksBuildPhase;
			buildActionMask = 2147483647;
			files = (
				FC255B027AD103DA11A8C550 /* Pods_MarvelApiSwiftUiTest_MarvelApiSwiftUiTestUITests.framework in Frameworks */,
			);
			runOnlyForDeploymentPostprocessing = 0;
		};
/* End PBXFrameworksBuildPhase section */

/* Begin PBXGroup section */
		61BFDBD49ECE8C1A4482DE28 /* Pods */ = {
			isa = PBXGroup;
			children = (
				3C462802A6C97697A0E262AE /* Pods-MarvelApiSwiftUiTest.debug.xcconfig */,
				90C34E895669EFBA02114BA8 /* Pods-MarvelApiSwiftUiTest.release.xcconfig */,
				56EF993A111059999E57B41F /* Pods-MarvelApiSwiftUiTest-MarvelApiSwiftUiTestUITests.debug.xcconfig */,
				D4A7547763B91E8E3AEB07E2 /* Pods-MarvelApiSwiftUiTest-MarvelApiSwiftUiTestUITests.release.xcconfig */,
				C38648EE0D800B6BB8DCC506 /* Pods-MarvelApiSwiftUiTestTests.debug.xcconfig */,
				0461EF10DED6A9FFF4B92F81 /* Pods-MarvelApiSwiftUiTestTests.release.xcconfig */,
			);
			path = Pods;
			sourceTree = "<group>";
		};
		E52A0A72255449C200DAB976 /* Services */ = {
			isa = PBXGroup;
			children = (
				E52A0A7925544A5100DAB976 /* DependenciesAppService.swift */,
			);
			path = Services;
			sourceTree = "<group>";
		};
		E52A0A7F25544A9900DAB976 /* Utils */ = {
			isa = PBXGroup;
			children = (
				E52A0A8025544AA400DAB976 /* Log.swift */,
				E52A0A8625544ABD00DAB976 /* KeyUtil.swift */,
			);
			path = Utils;
			sourceTree = "<group>";
		};
		E52A0A8E25544B4A00DAB976 /* App */ = {
			isa = PBXGroup;
			children = (
				E52A0A73255449D000DAB976 /* AppService.swift */,
				E52A0A8F25544BAF00DAB976 /* PluggableApp.swift */,
			);
			path = App;
			sourceTree = "<group>";
		};
		E579E8C1255434D300C5F5AC /* Screens */ = {
			isa = PBXGroup;
			children = (
				E579E8C2255434DE00C5F5AC /* MainScreen.swift */,
			);
			path = Screens;
			sourceTree = "<group>";
		};
		E5EDB15A2553FAC3009D3DF9 = {
			isa = PBXGroup;
			children = (
				E5EDB1652553FAC3009D3DF9 /* MarvelApiSwiftUiTest */,
				E5EDB1772553FAC4009D3DF9 /* MarvelApiSwiftUiTestTests */,
				E5EDB1822553FAC4009D3DF9 /* MarvelApiSwiftUiTestUITests */,
				E5EDB1642553FAC3009D3DF9 /* Products */,
				61BFDBD49ECE8C1A4482DE28 /* Pods */,
				FEF69289E30ADB368625C72D /* Frameworks */,
			);
			sourceTree = "<group>";
		};
		E5EDB1642553FAC3009D3DF9 /* Products */ = {
			isa = PBXGroup;
			children = (
				E5EDB1632553FAC3009D3DF9 /* MarvelApiSwiftUiTest.app */,
				E5EDB1742553FAC4009D3DF9 /* MarvelApiSwiftUiTestTests.xctest */,
				E5EDB17F2553FAC4009D3DF9 /* MarvelApiSwiftUiTestUITests.xctest */,
			);
			name = Products;
			sourceTree = "<group>";
		};
		E5EDB1652553FAC3009D3DF9 /* MarvelApiSwiftUiTest */ = {
			isa = PBXGroup;
			children = (
				E52A0A8E25544B4A00DAB976 /* App */,
				E52A0A7F25544A9900DAB976 /* Utils */,
				E52A0A72255449C200DAB976 /* Services */,
				E579E8C1255434D300C5F5AC /* Screens */,
				E5EDB1662553FAC3009D3DF9 /* MarvelApiSwiftUiTestApp.swift */,
				E5EDB16A2553FAC4009D3DF9 /* Assets.xcassets */,
				E5EDB16F2553FAC4009D3DF9 /* Info.plist */,
				E52A0A8A25544AEA00DAB976 /* Keys.plist */,
				E5EDB16C2553FAC4009D3DF9 /* Preview Content */,
				E579E8AC255401C900C5F5AC /* BaseApp.swift */,
			);
			path = MarvelApiSwiftUiTest;
			sourceTree = "<group>";
		};
		E5EDB16C2553FAC4009D3DF9 /* Preview Content */ = {
			isa = PBXGroup;
			children = (
				E5EDB16D2553FAC4009D3DF9 /* Preview Assets.xcassets */,
			);
			path = "Preview Content";
			sourceTree = "<group>";
		};
		E5EDB1772553FAC4009D3DF9 /* MarvelApiSwiftUiTestTests */ = {
			isa = PBXGroup;
			children = (
				E5EDB1782553FAC4009D3DF9 /* MarvelApiSwiftUiTestTests.swift */,
				E5EDB17A2553FAC4009D3DF9 /* Info.plist */,
			);
			path = MarvelApiSwiftUiTestTests;
			sourceTree = "<group>";
		};
		E5EDB1822553FAC4009D3DF9 /* MarvelApiSwiftUiTestUITests */ = {
			isa = PBXGroup;
			children = (
				E5EDB1832553FAC4009D3DF9 /* MarvelApiSwiftUiTestUITests.swift */,
				E5EDB1852553FAC4009D3DF9 /* Info.plist */,
			);
			path = MarvelApiSwiftUiTestUITests;
			sourceTree = "<group>";
		};
		FEF69289E30ADB368625C72D /* Frameworks */ = {
			isa = PBXGroup;
			children = (
				E52A0A6D255449AB00DAB976 /* DataLayer.framework */,
				E52A0913255438D800DAB976 /* DomainLayer.framework */,
				E52A0914255438D800DAB976 /* NetworkLayer.framework */,
				922265333B4DE7101BF4CEB8 /* Pods_MarvelApiSwiftUiTest.framework */,
				A3D56DC7276305C2DBDFCAC5 /* Pods_MarvelApiSwiftUiTest_MarvelApiSwiftUiTestUITests.framework */,
				BE0E05A5643B9DAF660CBE72 /* Pods_MarvelApiSwiftUiTestTests.framework */,
			);
			name = Frameworks;
			sourceTree = "<group>";
		};
/* End PBXGroup section */

/* Begin PBXNativeTarget section */
		E5EDB1622553FAC3009D3DF9 /* MarvelApiSwiftUiTest */ = {
			isa = PBXNativeTarget;
			buildConfigurationList = E5EDB1882553FAC4009D3DF9 /* Build configuration list for PBXNativeTarget "MarvelApiSwiftUiTest" */;
			buildPhases = (
				73E62C57BC702DC4F6E23AC2 /* [CP] Check Pods Manifest.lock */,
				E5EDB15F2553FAC3009D3DF9 /* Sources */,
				E5EDB1602553FAC3009D3DF9 /* Frameworks */,
				E5EDB1612553FAC3009D3DF9 /* Resources */,
				E52A0919255438D800DAB976 /* Embed Frameworks */,
				5A6C62F065DE5EDDE4DCA674 /* [CP] Embed Pods Frameworks */,
			);
			buildRules = (
			);
			dependencies = (
			);
			name = MarvelApiSwiftUiTest;
			productName = MarvelApiSwiftUiTest;
			productReference = E5EDB1632553FAC3009D3DF9 /* MarvelApiSwiftUiTest.app */;
			productType = "com.apple.product-type.application";
		};
		E5EDB1732553FAC4009D3DF9 /* MarvelApiSwiftUiTestTests */ = {
			isa = PBXNativeTarget;
			buildConfigurationList = E5EDB18B2553FAC4009D3DF9 /* Build configuration list for PBXNativeTarget "MarvelApiSwiftUiTestTests" */;
			buildPhases = (
				B678F2629A5DA48C536C32DD /* [CP] Check Pods Manifest.lock */,
				E5EDB1702553FAC4009D3DF9 /* Sources */,
				E5EDB1712553FAC4009D3DF9 /* Frameworks */,
				E5EDB1722553FAC4009D3DF9 /* Resources */,
			);
			buildRules = (
			);
			dependencies = (
				E5EDB1762553FAC4009D3DF9 /* PBXTargetDependency */,
			);
			name = MarvelApiSwiftUiTestTests;
			productName = MarvelApiSwiftUiTestTests;
			productReference = E5EDB1742553FAC4009D3DF9 /* MarvelApiSwiftUiTestTests.xctest */;
			productType = "com.apple.product-type.bundle.unit-test";
		};
		E5EDB17E2553FAC4009D3DF9 /* MarvelApiSwiftUiTestUITests */ = {
			isa = PBXNativeTarget;
			buildConfigurationList = E5EDB18E2553FAC4009D3DF9 /* Build configuration list for PBXNativeTarget "MarvelApiSwiftUiTestUITests" */;
			buildPhases = (
				317F7045F57427A82BFFA027 /* [CP] Check Pods Manifest.lock */,
				E5EDB17B2553FAC4009D3DF9 /* Sources */,
				E5EDB17C2553FAC4009D3DF9 /* Frameworks */,
				E5EDB17D2553FAC4009D3DF9 /* Resources */,
				886553B535771465CF6D3563 /* [CP] Embed Pods Frameworks */,
			);
			buildRules = (
			);
			dependencies = (
				E5EDB1812553FAC4009D3DF9 /* PBXTargetDependency */,
			);
			name = MarvelApiSwiftUiTestUITests;
			productName = MarvelApiSwiftUiTestUITests;
			productReference = E5EDB17F2553FAC4009D3DF9 /* MarvelApiSwiftUiTestUITests.xctest */;
			productType = "com.apple.product-type.bundle.ui-testing";
		};
/* End PBXNativeTarget section */

/* Begin PBXProject section */
		E5EDB15B2553FAC3009D3DF9 /* Project object */ = {
			isa = PBXProject;
			attributes = {
				LastSwiftUpdateCheck = 1210;
				LastUpgradeCheck = 1210;
				TargetAttributes = {
					E5EDB1622553FAC3009D3DF9 = {
						CreatedOnToolsVersion = 12.1;
					};
					E5EDB1732553FAC4009D3DF9 = {
						CreatedOnToolsVersion = 12.1;
						TestTargetID = E5EDB1622553FAC3009D3DF9;
					};
					E5EDB17E2553FAC4009D3DF9 = {
						CreatedOnToolsVersion = 12.1;
						TestTargetID = E5EDB1622553FAC3009D3DF9;
					};
				};
			};
			buildConfigurationList = E5EDB15E2553FAC3009D3DF9 /* Build configuration list for PBXProject "MarvelApiSwiftUiTest" */;
			compatibilityVersion = "Xcode 9.3";
			developmentRegion = en;
			hasScannedForEncodings = 0;
			knownRegions = (
				en,
				Base,
			);
			mainGroup = E5EDB15A2553FAC3009D3DF9;
			productRefGroup = E5EDB1642553FAC3009D3DF9 /* Products */;
			projectDirPath = "";
			projectRoot = "";
			targets = (
				E5EDB1622553FAC3009D3DF9 /* MarvelApiSwiftUiTest */,
				E5EDB1732553FAC4009D3DF9 /* MarvelApiSwiftUiTestTests */,
				E5EDB17E2553FAC4009D3DF9 /* MarvelApiSwiftUiTestUITests */,
			);
		};
/* End PBXProject section */

/* Begin PBXResourcesBuildPhase section */
		E5EDB1612553FAC3009D3DF9 /* Resources */ = {
			isa = PBXResourcesBuildPhase;
			buildActionMask = 2147483647;
			files = (
				E52A0A8B25544AEA00DAB976 /* Keys.plist in Resources */,
				E5EDB16E2553FAC4009D3DF9 /* Preview Assets.xcassets in Resources */,
				E5EDB16B2553FAC4009D3DF9 /* Assets.xcassets in Resources */,
			);
			runOnlyForDeploymentPostprocessing = 0;
		};
		E5EDB1722553FAC4009D3DF9 /* Resources */ = {
			isa = PBXResourcesBuildPhase;
			buildActionMask = 2147483647;
			files = (
			);
			runOnlyForDeploymentPostprocessing = 0;
		};
		E5EDB17D2553FAC4009D3DF9 /* Resources */ = {
			isa = PBXResourcesBuildPhase;
			buildActionMask = 2147483647;
			files = (
			);
			runOnlyForDeploymentPostprocessing = 0;
		};
/* End PBXResourcesBuildPhase section */

/* Begin PBXShellScriptBuildPhase section */
		317F7045F57427A82BFFA027 /* [CP] Check Pods Manifest.lock */ = {
			isa = PBXShellScriptBuildPhase;
			buildActionMask = 2147483647;
			files = (
			);
			inputFileListPaths = (
			);
			inputPaths = (
				"${PODS_PODFILE_DIR_PATH}/Podfile.lock",
				"${PODS_ROOT}/Manifest.lock",
			);
			name = "[CP] Check Pods Manifest.lock";
			outputFileListPaths = (
			);
			outputPaths = (
				"$(DERIVED_FILE_DIR)/Pods-MarvelApiSwiftUiTest-MarvelApiSwiftUiTestUITests-checkManifestLockResult.txt",
			);
			runOnlyForDeploymentPostprocessing = 0;
			shellPath = /bin/sh;
			shellScript = "diff \"${PODS_PODFILE_DIR_PATH}/Podfile.lock\" \"${PODS_ROOT}/Manifest.lock\" > /dev/null\nif [ $? != 0 ] ; then\n    # print error to STDERR\n    echo \"error: The sandbox is not in sync with the Podfile.lock. Run 'pod install' or update your CocoaPods installation.\" >&2\n    exit 1\nfi\n# This output is used by Xcode 'outputs' to avoid re-running this script phase.\necho \"SUCCESS\" > \"${SCRIPT_OUTPUT_FILE_0}\"\n";
			showEnvVarsInLog = 0;
		};
		5A6C62F065DE5EDDE4DCA674 /* [CP] Embed Pods Frameworks */ = {
			isa = PBXShellScriptBuildPhase;
			buildActionMask = 2147483647;
			files = (
			);
			inputFileListPaths = (
				"${PODS_ROOT}/Target Support Files/Pods-MarvelApiSwiftUiTest/Pods-MarvelApiSwiftUiTest-frameworks-${CONFIGURATION}-input-files.xcfilelist",
			);
			name = "[CP] Embed Pods Frameworks";
			outputFileListPaths = (
				"${PODS_ROOT}/Target Support Files/Pods-MarvelApiSwiftUiTest/Pods-MarvelApiSwiftUiTest-frameworks-${CONFIGURATION}-output-files.xcfilelist",
			);
			runOnlyForDeploymentPostprocessing = 0;
			shellPath = /bin/sh;
			shellScript = "\"${PODS_ROOT}/Target Support Files/Pods-MarvelApiSwiftUiTest/Pods-MarvelApiSwiftUiTest-frameworks.sh\"\n";
			showEnvVarsInLog = 0;
		};
		73E62C57BC702DC4F6E23AC2 /* [CP] Check Pods Manifest.lock */ = {
			isa = PBXShellScriptBuildPhase;
			buildActionMask = 2147483647;
			files = (
			);
			inputFileListPaths = (
			);
			inputPaths = (
				"${PODS_PODFILE_DIR_PATH}/Podfile.lock",
				"${PODS_ROOT}/Manifest.lock",
			);
			name = "[CP] Check Pods Manifest.lock";
			outputFileListPaths = (
			);
			outputPaths = (
				"$(DERIVED_FILE_DIR)/Pods-MarvelApiSwiftUiTest-checkManifestLockResult.txt",
			);
			runOnlyForDeploymentPostprocessing = 0;
			shellPath = /bin/sh;
			shellScript = "diff \"${PODS_PODFILE_DIR_PATH}/Podfile.lock\" \"${PODS_ROOT}/Manifest.lock\" > /dev/null\nif [ $? != 0 ] ; then\n    # print error to STDERR\n    echo \"error: The sandbox is not in sync with the Podfile.lock. Run 'pod install' or update your CocoaPods installation.\" >&2\n    exit 1\nfi\n# This output is used by Xcode 'outputs' to avoid re-running this script phase.\necho \"SUCCESS\" > \"${SCRIPT_OUTPUT_FILE_0}\"\n";
			showEnvVarsInLog = 0;
		};
		886553B535771465CF6D3563 /* [CP] Embed Pods Frameworks */ = {
			isa = PBXShellScriptBuildPhase;
			buildActionMask = 2147483647;
			files = (
			);
			inputFileListPaths = (
				"${PODS_ROOT}/Target Support Files/Pods-MarvelApiSwiftUiTest-MarvelApiSwiftUiTestUITests/Pods-MarvelApiSwiftUiTest-MarvelApiSwiftUiTestUITests-frameworks-${CONFIGURATION}-input-files.xcfilelist",
			);
			name = "[CP] Embed Pods Frameworks";
			outputFileListPaths = (
				"${PODS_ROOT}/Target Support Files/Pods-MarvelApiSwiftUiTest-MarvelApiSwiftUiTestUITests/Pods-MarvelApiSwiftUiTest-MarvelApiSwiftUiTestUITests-frameworks-${CONFIGURATION}-output-files.xcfilelist",
			);
			runOnlyForDeploymentPostprocessing = 0;
			shellPath = /bin/sh;
			shellScript = "\"${PODS_ROOT}/Target Support Files/Pods-MarvelApiSwiftUiTest-MarvelApiSwiftUiTestUITests/Pods-MarvelApiSwiftUiTest-MarvelApiSwiftUiTestUITests-frameworks.sh\"\n";
			showEnvVarsInLog = 0;
		};
		B678F2629A5DA48C536C32DD /* [CP] Check Pods Manifest.lock */ = {
			isa = PBXShellScriptBuildPhase;
			buildActionMask = 2147483647;
			files = (
			);
			inputFileListPaths = (
			);
			inputPaths = (
				"${PODS_PODFILE_DIR_PATH}/Podfile.lock",
				"${PODS_ROOT}/Manifest.lock",
			);
			name = "[CP] Check Pods Manifest.lock";
			outputFileListPaths = (
			);
			outputPaths = (
				"$(DERIVED_FILE_DIR)/Pods-MarvelApiSwiftUiTestTests-checkManifestLockResult.txt",
			);
			runOnlyForDeploymentPostprocessing = 0;
			shellPath = /bin/sh;
			shellScript = "diff \"${PODS_PODFILE_DIR_PATH}/Podfile.lock\" \"${PODS_ROOT}/Manifest.lock\" > /dev/null\nif [ $? != 0 ] ; then\n    # print error to STDERR\n    echo \"error: The sandbox is not in sync with the Podfile.lock. Run 'pod install' or update your CocoaPods installation.\" >&2\n    exit 1\nfi\n# This output is used by Xcode 'outputs' to avoid re-running this script phase.\necho \"SUCCESS\" > \"${SCRIPT_OUTPUT_FILE_0}\"\n";
			showEnvVarsInLog = 0;
		};
/* End PBXShellScriptBuildPhase section */

/* Begin PBXSourcesBuildPhase section */
		E5EDB15F2553FAC3009D3DF9 /* Sources */ = {
			isa = PBXSourcesBuildPhase;
			buildActionMask = 2147483647;
			files = (
				E52A0A8725544ABD00DAB976 /* KeyUtil.swift in Sources */,
				E52A0A9025544BAF00DAB976 /* PluggableApp.swift in Sources */,
				E579E8C3255434DE00C5F5AC /* MainScreen.swift in Sources */,
				E52A0A74255449D000DAB976 /* AppService.swift in Sources */,
				E52A0A8125544AA400DAB976 /* Log.swift in Sources */,
				E5EDB1672553FAC3009D3DF9 /* MarvelApiSwiftUiTestApp.swift in Sources */,
				E52A0A7A25544A5100DAB976 /* DependenciesAppService.swift in Sources */,
				E579E8AD255401C900C5F5AC /* BaseApp.swift in Sources */,
			);
			runOnlyForDeploymentPostprocessing = 0;
		};
		E5EDB1702553FAC4009D3DF9 /* Sources */ = {
			isa = PBXSourcesBuildPhase;
			buildActionMask = 2147483647;
			files = (
				E5EDB1792553FAC4009D3DF9 /* MarvelApiSwiftUiTestTests.swift in Sources */,
			);
			runOnlyForDeploymentPostprocessing = 0;
		};
		E5EDB17B2553FAC4009D3DF9 /* Sources */ = {
			isa = PBXSourcesBuildPhase;
			buildActionMask = 2147483647;
			files = (
				E5EDB1842553FAC4009D3DF9 /* MarvelApiSwiftUiTestUITests.swift in Sources */,
			);
			runOnlyForDeploymentPostprocessing = 0;
		};
/* End PBXSourcesBuildPhase section */

/* Begin PBXTargetDependency section */
		E5EDB1762553FAC4009D3DF9 /* PBXTargetDependency */ = {
			isa = PBXTargetDependency;
			target = E5EDB1622553FAC3009D3DF9 /* MarvelApiSwiftUiTest */;
			targetProxy = E5EDB1752553FAC4009D3DF9 /* PBXContainerItemProxy */;
		};
		E5EDB1812553FAC4009D3DF9 /* PBXTargetDependency */ = {
			isa = PBXTargetDependency;
			target = E5EDB1622553FAC3009D3DF9 /* MarvelApiSwiftUiTest */;
			targetProxy = E5EDB1802553FAC4009D3DF9 /* PBXContainerItemProxy */;
		};
/* End PBXTargetDependency section */

/* Begin XCBuildConfiguration section */
		E5EDB1862553FAC4009D3DF9 /* Debug */ = {
			isa = XCBuildConfiguration;
			buildSettings = {
				ALWAYS_SEARCH_USER_PATHS = NO;
				CLANG_ANALYZER_NONNULL = YES;
				CLANG_ANALYZER_NUMBER_OBJECT_CONVERSION = YES_AGGRESSIVE;
				CLANG_CXX_LANGUAGE_STANDARD = "gnu++14";
				CLANG_CXX_LIBRARY = "libc++";
				CLANG_ENABLE_MODULES = YES;
				CLANG_ENABLE_OBJC_ARC = YES;
				CLANG_ENABLE_OBJC_WEAK = YES;
				CLANG_WARN_BLOCK_CAPTURE_AUTORELEASING = YES;
				CLANG_WARN_BOOL_CONVERSION = YES;
				CLANG_WARN_COMMA = YES;
				CLANG_WARN_CONSTANT_CONVERSION = YES;
				CLANG_WARN_DEPRECATED_OBJC_IMPLEMENTATIONS = YES;
				CLANG_WARN_DIRECT_OBJC_ISA_USAGE = YES_ERROR;
				CLANG_WARN_DOCUMENTATION_COMMENTS = YES;
				CLANG_WARN_EMPTY_BODY = YES;
				CLANG_WARN_ENUM_CONVERSION = YES;
				CLANG_WARN_INFINITE_RECURSION = YES;
				CLANG_WARN_INT_CONVERSION = YES;
				CLANG_WARN_NON_LITERAL_NULL_CONVERSION = YES;
				CLANG_WARN_OBJC_IMPLICIT_RETAIN_SELF = YES;
				CLANG_WARN_OBJC_LITERAL_CONVERSION = YES;
				CLANG_WARN_OBJC_ROOT_CLASS = YES_ERROR;
				CLANG_WARN_QUOTED_INCLUDE_IN_FRAMEWORK_HEADER = YES;
				CLANG_WARN_RANGE_LOOP_ANALYSIS = YES;
				CLANG_WARN_STRICT_PROTOTYPES = YES;
				CLANG_WARN_SUSPICIOUS_MOVE = YES;
				CLANG_WARN_UNGUARDED_AVAILABILITY = YES_AGGRESSIVE;
				CLANG_WARN_UNREACHABLE_CODE = YES;
				CLANG_WARN__DUPLICATE_METHOD_MATCH = YES;
				COPY_PHASE_STRIP = NO;
				DEBUG_INFORMATION_FORMAT = dwarf;
				ENABLE_STRICT_OBJC_MSGSEND = YES;
				ENABLE_TESTABILITY = YES;
				GCC_C_LANGUAGE_STANDARD = gnu11;
				GCC_DYNAMIC_NO_PIC = NO;
				GCC_NO_COMMON_BLOCKS = YES;
				GCC_OPTIMIZATION_LEVEL = 0;
				GCC_PREPROCESSOR_DEFINITIONS = (
					"DEBUG=1",
					"$(inherited)",
				);
				GCC_WARN_64_TO_32_BIT_CONVERSION = YES;
				GCC_WARN_ABOUT_RETURN_TYPE = YES_ERROR;
				GCC_WARN_UNDECLARED_SELECTOR = YES;
				GCC_WARN_UNINITIALIZED_AUTOS = YES_AGGRESSIVE;
				GCC_WARN_UNUSED_FUNCTION = YES;
				GCC_WARN_UNUSED_VARIABLE = YES;
				IPHONEOS_DEPLOYMENT_TARGET = 14.1;
				MTL_ENABLE_DEBUG_INFO = INCLUDE_SOURCE;
				MTL_FAST_MATH = YES;
				ONLY_ACTIVE_ARCH = YES;
				SDKROOT = iphoneos;
				SWIFT_ACTIVE_COMPILATION_CONDITIONS = DEBUG;
				SWIFT_OPTIMIZATION_LEVEL = "-Onone";
			};
			name = Debug;
		};
		E5EDB1872553FAC4009D3DF9 /* Release */ = {
			isa = XCBuildConfiguration;
			buildSettings = {
				ALWAYS_SEARCH_USER_PATHS = NO;
				CLANG_ANALYZER_NONNULL = YES;
				CLANG_ANALYZER_NUMBER_OBJECT_CONVERSION = YES_AGGRESSIVE;
				CLANG_CXX_LANGUAGE_STANDARD = "gnu++14";
				CLANG_CXX_LIBRARY = "libc++";
				CLANG_ENABLE_MODULES = YES;
				CLANG_ENABLE_OBJC_ARC = YES;
				CLANG_ENABLE_OBJC_WEAK = YES;
				CLANG_WARN_BLOCK_CAPTURE_AUTORELEASING = YES;
				CLANG_WARN_BOOL_CONVERSION = YES;
				CLANG_WARN_COMMA = YES;
				CLANG_WARN_CONSTANT_CONVERSION = YES;
				CLANG_WARN_DEPRECATED_OBJC_IMPLEMENTATIONS = YES;
				CLANG_WARN_DIRECT_OBJC_ISA_USAGE = YES_ERROR;
				CLANG_WARN_DOCUMENTATION_COMMENTS = YES;
				CLANG_WARN_EMPTY_BODY = YES;
				CLANG_WARN_ENUM_CONVERSION = YES;
				CLANG_WARN_INFINITE_RECURSION = YES;
				CLANG_WARN_INT_CONVERSION = YES;
				CLANG_WARN_NON_LITERAL_NULL_CONVERSION = YES;
				CLANG_WARN_OBJC_IMPLICIT_RETAIN_SELF = YES;
				CLANG_WARN_OBJC_LITERAL_CONVERSION = YES;
				CLANG_WARN_OBJC_ROOT_CLASS = YES_ERROR;
				CLANG_WARN_QUOTED_INCLUDE_IN_FRAMEWORK_HEADER = YES;
				CLANG_WARN_RANGE_LOOP_ANALYSIS = YES;
				CLANG_WARN_STRICT_PROTOTYPES = YES;
				CLANG_WARN_SUSPICIOUS_MOVE = YES;
				CLANG_WARN_UNGUARDED_AVAILABILITY = YES_AGGRESSIVE;
				CLANG_WARN_UNREACHABLE_CODE = YES;
				CLANG_WARN__DUPLICATE_METHOD_MATCH = YES;
				COPY_PHASE_STRIP = NO;
				DEBUG_INFORMATION_FORMAT = "dwarf-with-dsym";
				ENABLE_NS_ASSERTIONS = NO;
				ENABLE_STRICT_OBJC_MSGSEND = YES;
				GCC_C_LANGUAGE_STANDARD = gnu11;
				GCC_NO_COMMON_BLOCKS = YES;
				GCC_WARN_64_TO_32_BIT_CONVERSION = YES;
				GCC_WARN_ABOUT_RETURN_TYPE = YES_ERROR;
				GCC_WARN_UNDECLARED_SELECTOR = YES;
				GCC_WARN_UNINITIALIZED_AUTOS = YES_AGGRESSIVE;
				GCC_WARN_UNUSED_FUNCTION = YES;
				GCC_WARN_UNUSED_VARIABLE = YES;
				IPHONEOS_DEPLOYMENT_TARGET = 14.1;
				MTL_ENABLE_DEBUG_INFO = NO;
				MTL_FAST_MATH = YES;
				SDKROOT = iphoneos;
				SWIFT_COMPILATION_MODE = wholemodule;
				SWIFT_OPTIMIZATION_LEVEL = "-O";
				VALIDATE_PRODUCT = YES;
			};
			name = Release;
		};
		E5EDB1892553FAC4009D3DF9 /* Debug */ = {
			isa = XCBuildConfiguration;
			baseConfigurationReference = 3C462802A6C97697A0E262AE /* Pods-MarvelApiSwiftUiTest.debug.xcconfig */;
			buildSettings = {
				ASSETCATALOG_COMPILER_APPICON_NAME = AppIcon;
				ASSETCATALOG_COMPILER_GLOBAL_ACCENT_COLOR_NAME = AccentColor;
				CODE_SIGN_STYLE = Automatic;
				DEVELOPMENT_ASSET_PATHS = "\"MarvelApiSwiftUiTest/Preview Content\"";
				DEVELOPMENT_TEAM = Y9CYE9NBLT;
				ENABLE_PREVIEWS = YES;
				INFOPLIST_FILE = MarvelApiSwiftUiTest/Info.plist;
				IPHONEOS_DEPLOYMENT_TARGET = 14.1;
				LD_RUNPATH_SEARCH_PATHS = (
					"$(inherited)",
					"@executable_path/Frameworks",
				);
				PRODUCT_BUNDLE_IDENTIFIER = com.mehdok.marvel.MarvelApiTest;
				PRODUCT_NAME = "$(TARGET_NAME)";
				SWIFT_VERSION = 5.0;
				TARGETED_DEVICE_FAMILY = "1,2";
			};
			name = Debug;
		};
		E5EDB18A2553FAC4009D3DF9 /* Release */ = {
			isa = XCBuildConfiguration;
			baseConfigurationReference = 90C34E895669EFBA02114BA8 /* Pods-MarvelApiSwiftUiTest.release.xcconfig */;
			buildSettings = {
				ASSETCATALOG_COMPILER_APPICON_NAME = AppIcon;
				ASSETCATALOG_COMPILER_GLOBAL_ACCENT_COLOR_NAME = AccentColor;
				CODE_SIGN_STYLE = Automatic;
				DEVELOPMENT_ASSET_PATHS = "\"MarvelApiSwiftUiTest/Preview Content\"";
				DEVELOPMENT_TEAM = Y9CYE9NBLT;
				ENABLE_PREVIEWS = YES;
				INFOPLIST_FILE = MarvelApiSwiftUiTest/Info.plist;
				IPHONEOS_DEPLOYMENT_TARGET = 14.1;
				LD_RUNPATH_SEARCH_PATHS = (
					"$(inherited)",
					"@executable_path/Frameworks",
				);
				PRODUCT_BUNDLE_IDENTIFIER = com.mehdok.marvel.MarvelApiTest;
				PRODUCT_NAME = "$(TARGET_NAME)";
				SWIFT_VERSION = 5.0;
				TARGETED_DEVICE_FAMILY = "1,2";
			};
			name = Release;
		};
		E5EDB18C2553FAC4009D3DF9 /* Debug */ = {
			isa = XCBuildConfiguration;
			baseConfigurationReference = C38648EE0D800B6BB8DCC506 /* Pods-MarvelApiSwiftUiTestTests.debug.xcconfig */;
			buildSettings = {
				ALWAYS_EMBED_SWIFT_STANDARD_LIBRARIES = YES;
				BUNDLE_LOADER = "$(TEST_HOST)";
				CODE_SIGN_STYLE = Automatic;
				DEVELOPMENT_TEAM = Y9CYE9NBLT;
				INFOPLIST_FILE = MarvelApiSwiftUiTestTests/Info.plist;
				IPHONEOS_DEPLOYMENT_TARGET = 14.0;
				LD_RUNPATH_SEARCH_PATHS = (
					"$(inherited)",
					"@executable_path/Frameworks",
					"@loader_path/Frameworks",
				);
				PRODUCT_BUNDLE_IDENTIFIER = com.mehdok.marvel.MarvelApiSwiftUiTestTests;
				PRODUCT_NAME = "$(TARGET_NAME)";
				SWIFT_VERSION = 5.0;
				TARGETED_DEVICE_FAMILY = "1,2";
				TEST_HOST = "$(BUILT_PRODUCTS_DIR)/MarvelApiSwiftUiTest.app/MarvelApiSwiftUiTest";
			};
			name = Debug;
		};
		E5EDB18D2553FAC4009D3DF9 /* Release */ = {
			isa = XCBuildConfiguration;
			baseConfigurationReference = 0461EF10DED6A9FFF4B92F81 /* Pods-MarvelApiSwiftUiTestTests.release.xcconfig */;
			buildSettings = {
				ALWAYS_EMBED_SWIFT_STANDARD_LIBRARIES = YES;
				BUNDLE_LOADER = "$(TEST_HOST)";
				CODE_SIGN_STYLE = Automatic;
				DEVELOPMENT_TEAM = Y9CYE9NBLT;
				INFOPLIST_FILE = MarvelApiSwiftUiTestTests/Info.plist;
				IPHONEOS_DEPLOYMENT_TARGET = 14.0;
				LD_RUNPATH_SEARCH_PATHS = (
					"$(inherited)",
					"@executable_path/Frameworks",
					"@loader_path/Frameworks",
				);
				PRODUCT_BUNDLE_IDENTIFIER = com.mehdok.marvel.MarvelApiSwiftUiTestTests;
				PRODUCT_NAME = "$(TARGET_NAME)";
				SWIFT_VERSION = 5.0;
				TARGETED_DEVICE_FAMILY = "1,2";
				TEST_HOST = "$(BUILT_PRODUCTS_DIR)/MarvelApiSwiftUiTest.app/MarvelApiSwiftUiTest";
			};
			name = Release;
		};
		E5EDB18F2553FAC4009D3DF9 /* Debug */ = {
			isa = XCBuildConfiguration;
			baseConfigurationReference = 56EF993A111059999E57B41F /* Pods-MarvelApiSwiftUiTest-MarvelApiSwiftUiTestUITests.debug.xcconfig */;
			buildSettings = {
				ALWAYS_EMBED_SWIFT_STANDARD_LIBRARIES = YES;
				CODE_SIGN_STYLE = Automatic;
				DEVELOPMENT_TEAM = Y9CYE9NBLT;
				INFOPLIST_FILE = MarvelApiSwiftUiTestUITests/Info.plist;
				LD_RUNPATH_SEARCH_PATHS = (
					"$(inherited)",
					"@executable_path/Frameworks",
					"@loader_path/Frameworks",
				);
				PRODUCT_BUNDLE_IDENTIFIER = com.mehdok.marvel.MarvelApiSwiftUiTestUITests;
				PRODUCT_NAME = "$(TARGET_NAME)";
				SWIFT_VERSION = 5.0;
				TARGETED_DEVICE_FAMILY = "1,2";
				TEST_TARGET_NAME = MarvelApiSwiftUiTest;
			};
			name = Debug;
		};
		E5EDB1902553FAC4009D3DF9 /* Release */ = {
			isa = XCBuildConfiguration;
			baseConfigurationReference = D4A7547763B91E8E3AEB07E2 /* Pods-MarvelApiSwiftUiTest-MarvelApiSwiftUiTestUITests.release.xcconfig */;
			buildSettings = {
				ALWAYS_EMBED_SWIFT_STANDARD_LIBRARIES = YES;
				CODE_SIGN_STYLE = Automatic;
				DEVELOPMENT_TEAM = Y9CYE9NBLT;
				INFOPLIST_FILE = MarvelApiSwiftUiTestUITests/Info.plist;
				LD_RUNPATH_SEARCH_PATHS = (
					"$(inherited)",
					"@executable_path/Frameworks",
					"@loader_path/Frameworks",
				);
				PRODUCT_BUNDLE_IDENTIFIER = com.mehdok.marvel.MarvelApiSwiftUiTestUITests;
				PRODUCT_NAME = "$(TARGET_NAME)";
				SWIFT_VERSION = 5.0;
				TARGETED_DEVICE_FAMILY = "1,2";
				TEST_TARGET_NAME = MarvelApiSwiftUiTest;
			};
			name = Release;
		};
/* End XCBuildConfiguration section */

/* Begin XCConfigurationList section */
		E5EDB15E2553FAC3009D3DF9 /* Build configuration list for PBXProject "MarvelApiSwiftUiTest" */ = {
			isa = XCConfigurationList;
			buildConfigurations = (
				E5EDB1862553FAC4009D3DF9 /* Debug */,
				E5EDB1872553FAC4009D3DF9 /* Release */,
			);
			defaultConfigurationIsVisible = 0;
			defaultConfigurationName = Release;
		};
		E5EDB1882553FAC4009D3DF9 /* Build configuration list for PBXNativeTarget "MarvelApiSwiftUiTest" */ = {
			isa = XCConfigurationList;
			buildConfigurations = (
				E5EDB1892553FAC4009D3DF9 /* Debug */,
				E5EDB18A2553FAC4009D3DF9 /* Release */,
			);
			defaultConfigurationIsVisible = 0;
			defaultConfigurationName = Release;
		};
		E5EDB18B2553FAC4009D3DF9 /* Build configuration list for PBXNativeTarget "MarvelApiSwiftUiTestTests" */ = {
			isa = XCConfigurationList;
			buildConfigurations = (
				E5EDB18C2553FAC4009D3DF9 /* Debug */,
				E5EDB18D2553FAC4009D3DF9 /* Release */,
			);
			defaultConfigurationIsVisible = 0;
			defaultConfigurationName = Release;
		};
		E5EDB18E2553FAC4009D3DF9 /* Build configuration list for PBXNativeTarget "MarvelApiSwiftUiTestUITests" */ = {
			isa = XCConfigurationList;
			buildConfigurations = (
				E5EDB18F2553FAC4009D3DF9 /* Debug */,
				E5EDB1902553FAC4009D3DF9 /* Release */,
			);
			defaultConfigurationIsVisible = 0;
			defaultConfigurationName = Release;
		};
/* End XCConfigurationList section */
	};
	rootObject = E5EDB15B2553FAC3009D3DF9 /* Project object */;
}
